// !$*UTF8*$!
{
	archiveVersion = 1;
	classes = {
	};
	objectVersion = 55;
	objects = {

/* Begin PBXBuildFile section */
		CA2E855F2681AEEE001BE951 /* Home.swift in Sources */ = {isa = PBXBuildFile; fileRef = CA2E855E2681AEEE001BE951 /* Home.swift */; };
		CA2E856226823772001BE951 /* PlayerPicker.swift in Sources */ = {isa = PBXBuildFile; fileRef = CA2E856126823772001BE951 /* PlayerPicker.swift */; };
		CA2E856426823E13001BE951 /* Assets.swift in Sources */ = {isa = PBXBuildFile; fileRef = CA2E856326823E13001BE951 /* Assets.swift */; };
		CA2E856626823FD5001BE951 /* Card.swift in Sources */ = {isa = PBXBuildFile; fileRef = CA2E856526823FD5001BE951 /* Card.swift */; };
		CA2E856926826830001BE951 /* GameBoard.swift in Sources */ = {isa = PBXBuildFile; fileRef = CA2E856826826830001BE951 /* GameBoard.swift */; };
		CA2E856C268268C7001BE951 /* GameBoardViewModel.swift in Sources */ = {isa = PBXBuildFile; fileRef = CA2E856B268268C7001BE951 /* GameBoardViewModel.swift */; };
		CA2E85712682706F001BE951 /* ClueSolver.swift in Sources */ = {isa = PBXBuildFile; fileRef = CA2E85702682706F001BE951 /* ClueSolver.swift */; };
		CA2E8573268399D0001BE951 /* PlayerCardSet.swift in Sources */ = {isa = PBXBuildFile; fileRef = CA2E8572268399D0001BE951 /* PlayerCardSet.swift */; };
		CA2E85752683C378001BE951 /* GameState.swift in Sources */ = {isa = PBXBuildFile; fileRef = CA2E85742683C378001BE951 /* GameState.swift */; };
		CA2E85772683CFDF001BE951 /* GameBuilder.swift in Sources */ = {isa = PBXBuildFile; fileRef = CA2E85762683CFDF001BE951 /* GameBuilder.swift */; };
		CA35608C26927D70004B41AF /* InquisitionForm.swift in Sources */ = {isa = PBXBuildFile; fileRef = CA35608B26927D70004B41AF /* InquisitionForm.swift */; };
		CA35608E26927D83004B41AF /* AccusationForm.swift in Sources */ = {isa = PBXBuildFile; fileRef = CA35608D26927D83004B41AF /* AccusationForm.swift */; };
		CA3560912692BEFF004B41AF /* SolutionEliminationSolver.swift in Sources */ = {isa = PBXBuildFile; fileRef = CA3560902692BEFF004B41AF /* SolutionEliminationSolver.swift */; };
		CA3560932692BF69004B41AF /* PossibleStateEliminationSolver.swift in Sources */ = {isa = PBXBuildFile; fileRef = CA3560922692BF69004B41AF /* PossibleStateEliminationSolver.swift */; };
		CA3670DD26B902EB00D644CF /* GameState+Solutions.swift in Sources */ = {isa = PBXBuildFile; fileRef = CA3670DC26B902EB00D644CF /* GameState+Solutions.swift */; };
		CA3670DF26B9034500D644CF /* GameState+PossibleStates.swift in Sources */ = {isa = PBXBuildFile; fileRef = CA3670DE26B9034500D644CF /* GameState+PossibleStates.swift */; };
		CA3670E126B9046000D644CF /* PossibleState.swift in Sources */ = {isa = PBXBuildFile; fileRef = CA3670E026B9046000D644CF /* PossibleState.swift */; };
		CA582E122681AC8F00248E51 /* FourteenthClue.swift in Sources */ = {isa = PBXBuildFile; fileRef = CA582E112681AC8F00248E51 /* FourteenthClue.swift */; };
		CA582E162681AC9000248E51 /* Assets.xcassets in Resources */ = {isa = PBXBuildFile; fileRef = CA582E152681AC9000248E51 /* Assets.xcassets */; };
		CA582E192681AC9000248E51 /* Preview Assets.xcassets in Resources */ = {isa = PBXBuildFile; fileRef = CA582E182681AC9000248E51 /* Preview Assets.xcassets */; };
		CA85561926C38DA000A7F1F0 /* Loaf in Frameworks */ = {isa = PBXBuildFile; productRef = CA85561826C38DA000A7F1F0 /* Loaf */; };
		CA85561B26C38E8700A7F1F0 /* Toaster.swift in Sources */ = {isa = PBXBuildFile; fileRef = CA85561A26C38E8700A7F1F0 /* Toaster.swift */; };
		CA85561E26C38ED600A7F1F0 /* LoafState.swift in Sources */ = {isa = PBXBuildFile; fileRef = CA85561D26C38ED600A7F1F0 /* LoafState.swift */; };
		CA85562126C38FC400A7F1F0 /* Store.swift in Sources */ = {isa = PBXBuildFile; fileRef = CA85562026C38FC400A7F1F0 /* Store.swift */; };
		CA8C07A12689837000B50233 /* Player.swift in Sources */ = {isa = PBXBuildFile; fileRef = CA8C07A02689837000B50233 /* Player.swift */; };
		CA8C07A32689839800B50233 /* CardSet.swift in Sources */ = {isa = PBXBuildFile; fileRef = CA8C07A22689839800B50233 /* CardSet.swift */; };
		CA8C07A52689842F00B50233 /* Clue.swift in Sources */ = {isa = PBXBuildFile; fileRef = CA8C07A42689842F00B50233 /* Clue.swift */; };
		CA8C07A726898A5800B50233 /* SecretInformant.swift in Sources */ = {isa = PBXBuildFile; fileRef = CA8C07A626898A5800B50233 /* SecretInformant.swift */; };
		CA8C07A9268993B400B50233 /* ClueForm.swift in Sources */ = {isa = PBXBuildFile; fileRef = CA8C07A8268993B400B50233 /* ClueForm.swift */; };
		CA8C07AD268A636B00B50233 /* Solution.swift in Sources */ = {isa = PBXBuildFile; fileRef = CA8C07AC268A636B00B50233 /* Solution.swift */; };
		CA97C1F626968005004AC3A6 /* NavigationLink+Extensions.swift in Sources */ = {isa = PBXBuildFile; fileRef = CA97C1F526968005004AC3A6 /* NavigationLink+Extensions.swift */; };
		CA97C1F92696C7AE004AC3A6 /* SeedState.swift in Sources */ = {isa = PBXBuildFile; fileRef = CA97C1F82696C7AE004AC3A6 /* SeedState.swift */; };
		CA97C1FB26978A76004AC3A6 /* CardImage.swift in Sources */ = {isa = PBXBuildFile; fileRef = CA97C1FA26978A76004AC3A6 /* CardImage.swift */; };
		CA97C202269A425B004AC3A6 /* Algorithms in Frameworks */ = {isa = PBXBuildFile; productRef = CA97C201269A425B004AC3A6 /* Algorithms */; };
		CAB5E4E9268AD2FD0070DD97 /* SolutionList.swift in Sources */ = {isa = PBXBuildFile; fileRef = CAB5E4E8268AD2FD0070DD97 /* SolutionList.swift */; };
		CAED72F7268447190060086A /* CardPicker.swift in Sources */ = {isa = PBXBuildFile; fileRef = CAED72F6268447190060086A /* CardPicker.swift */; };
		CAED72FA268447680060086A /* BottomSheet in Frameworks */ = {isa = PBXBuildFile; productRef = CAED72F9268447680060086A /* BottomSheet */; };
/* End PBXBuildFile section */

/* Begin PBXFileReference section */
		CA2E855E2681AEEE001BE951 /* Home.swift */ = {isa = PBXFileReference; lastKnownFileType = sourcecode.swift; path = Home.swift; sourceTree = "<group>"; };
		CA2E856126823772001BE951 /* PlayerPicker.swift */ = {isa = PBXFileReference; lastKnownFileType = sourcecode.swift; path = PlayerPicker.swift; sourceTree = "<group>"; };
		CA2E856326823E13001BE951 /* Assets.swift */ = {isa = PBXFileReference; lastKnownFileType = sourcecode.swift; path = Assets.swift; sourceTree = "<group>"; };
		CA2E856526823FD5001BE951 /* Card.swift */ = {isa = PBXFileReference; lastKnownFileType = sourcecode.swift; path = Card.swift; sourceTree = "<group>"; };
		CA2E856826826830001BE951 /* GameBoard.swift */ = {isa = PBXFileReference; lastKnownFileType = sourcecode.swift; path = GameBoard.swift; sourceTree = "<group>"; };
		CA2E856B268268C7001BE951 /* GameBoardViewModel.swift */ = {isa = PBXFileReference; lastKnownFileType = sourcecode.swift; path = GameBoardViewModel.swift; sourceTree = "<group>"; };
		CA2E85702682706F001BE951 /* ClueSolver.swift */ = {isa = PBXFileReference; lastKnownFileType = sourcecode.swift; path = ClueSolver.swift; sourceTree = "<group>"; };
		CA2E8572268399D0001BE951 /* PlayerCardSet.swift */ = {isa = PBXFileReference; lastKnownFileType = sourcecode.swift; path = PlayerCardSet.swift; sourceTree = "<group>"; };
		CA2E85742683C378001BE951 /* GameState.swift */ = {isa = PBXFileReference; lastKnownFileType = sourcecode.swift; path = GameState.swift; sourceTree = "<group>"; };
		CA2E85762683CFDF001BE951 /* GameBuilder.swift */ = {isa = PBXFileReference; lastKnownFileType = sourcecode.swift; path = GameBuilder.swift; sourceTree = "<group>"; };
		CA35608B26927D70004B41AF /* InquisitionForm.swift */ = {isa = PBXFileReference; lastKnownFileType = sourcecode.swift; path = InquisitionForm.swift; sourceTree = "<group>"; };
		CA35608D26927D83004B41AF /* AccusationForm.swift */ = {isa = PBXFileReference; lastKnownFileType = sourcecode.swift; path = AccusationForm.swift; sourceTree = "<group>"; };
		CA3560902692BEFF004B41AF /* SolutionEliminationSolver.swift */ = {isa = PBXFileReference; lastKnownFileType = sourcecode.swift; path = SolutionEliminationSolver.swift; sourceTree = "<group>"; };
		CA3560922692BF69004B41AF /* PossibleStateEliminationSolver.swift */ = {isa = PBXFileReference; lastKnownFileType = sourcecode.swift; path = PossibleStateEliminationSolver.swift; sourceTree = "<group>"; };
		CA3670DC26B902EB00D644CF /* GameState+Solutions.swift */ = {isa = PBXFileReference; lastKnownFileType = sourcecode.swift; path = "GameState+Solutions.swift"; sourceTree = "<group>"; };
		CA3670DE26B9034500D644CF /* GameState+PossibleStates.swift */ = {isa = PBXFileReference; lastKnownFileType = sourcecode.swift; path = "GameState+PossibleStates.swift"; sourceTree = "<group>"; };
		CA3670E026B9046000D644CF /* PossibleState.swift */ = {isa = PBXFileReference; lastKnownFileType = sourcecode.swift; path = PossibleState.swift; sourceTree = "<group>"; };
		CA582E0E2681AC8F00248E51 /* Fourteenth Clue.app */ = {isa = PBXFileReference; explicitFileType = wrapper.application; includeInIndex = 0; path = "Fourteenth Clue.app"; sourceTree = BUILT_PRODUCTS_DIR; };
		CA582E112681AC8F00248E51 /* FourteenthClue.swift */ = {isa = PBXFileReference; lastKnownFileType = sourcecode.swift; path = FourteenthClue.swift; sourceTree = "<group>"; };
		CA582E152681AC9000248E51 /* Assets.xcassets */ = {isa = PBXFileReference; lastKnownFileType = folder.assetcatalog; path = Assets.xcassets; sourceTree = "<group>"; };
		CA582E182681AC9000248E51 /* Preview Assets.xcassets */ = {isa = PBXFileReference; lastKnownFileType = folder.assetcatalog; path = "Preview Assets.xcassets"; sourceTree = "<group>"; };
		CA85561A26C38E8700A7F1F0 /* Toaster.swift */ = {isa = PBXFileReference; lastKnownFileType = sourcecode.swift; path = Toaster.swift; sourceTree = "<group>"; };
		CA85561D26C38ED600A7F1F0 /* LoafState.swift */ = {isa = PBXFileReference; lastKnownFileType = sourcecode.swift; path = LoafState.swift; sourceTree = "<group>"; };
		CA85562026C38FC400A7F1F0 /* Store.swift */ = {isa = PBXFileReference; lastKnownFileType = sourcecode.swift; path = Store.swift; sourceTree = "<group>"; };
		CA8C07A02689837000B50233 /* Player.swift */ = {isa = PBXFileReference; lastKnownFileType = sourcecode.swift; path = Player.swift; sourceTree = "<group>"; };
		CA8C07A22689839800B50233 /* CardSet.swift */ = {isa = PBXFileReference; lastKnownFileType = sourcecode.swift; path = CardSet.swift; sourceTree = "<group>"; };
		CA8C07A42689842F00B50233 /* Clue.swift */ = {isa = PBXFileReference; lastKnownFileType = sourcecode.swift; path = Clue.swift; sourceTree = "<group>"; };
		CA8C07A626898A5800B50233 /* SecretInformant.swift */ = {isa = PBXFileReference; lastKnownFileType = sourcecode.swift; path = SecretInformant.swift; sourceTree = "<group>"; };
		CA8C07A8268993B400B50233 /* ClueForm.swift */ = {isa = PBXFileReference; lastKnownFileType = sourcecode.swift; path = ClueForm.swift; sourceTree = "<group>"; };
		CA8C07AC268A636B00B50233 /* Solution.swift */ = {isa = PBXFileReference; lastKnownFileType = sourcecode.swift; path = Solution.swift; sourceTree = "<group>"; };
		CA97C1F526968005004AC3A6 /* NavigationLink+Extensions.swift */ = {isa = PBXFileReference; lastKnownFileType = sourcecode.swift; path = "NavigationLink+Extensions.swift"; sourceTree = "<group>"; };
		CA97C1F82696C7AE004AC3A6 /* SeedState.swift */ = {isa = PBXFileReference; lastKnownFileType = sourcecode.swift; path = SeedState.swift; sourceTree = "<group>"; };
		CA97C1FA26978A76004AC3A6 /* CardImage.swift */ = {isa = PBXFileReference; lastKnownFileType = sourcecode.swift; path = CardImage.swift; sourceTree = "<group>"; };
		CAB5E4E8268AD2FD0070DD97 /* SolutionList.swift */ = {isa = PBXFileReference; lastKnownFileType = sourcecode.swift; path = SolutionList.swift; sourceTree = "<group>"; };
		CAED72F6268447190060086A /* CardPicker.swift */ = {isa = PBXFileReference; lastKnownFileType = sourcecode.swift; path = CardPicker.swift; sourceTree = "<group>"; };
/* End PBXFileReference section */

/* Begin PBXFrameworksBuildPhase section */
		CA582E0B2681AC8F00248E51 /* Frameworks */ = {
			isa = PBXFrameworksBuildPhase;
			buildActionMask = 2147483647;
			files = (
				CA97C202269A425B004AC3A6 /* Algorithms in Frameworks */,
				CAED72FA268447680060086A /* BottomSheet in Frameworks */,
				CA85561926C38DA000A7F1F0 /* Loaf in Frameworks */,
			);
			runOnlyForDeploymentPostprocessing = 0;
		};
/* End PBXFrameworksBuildPhase section */

/* Begin PBXGroup section */
		CA2E85582681AD75001BE951 /* Source */ = {
			isa = PBXGroup;
			children = (
				CA2E855B2681AE9E001BE951 /* Common */,
				CA2E855A2681AE5E001BE951 /* Features */,
				CA582E112681AC8F00248E51 /* FourteenthClue.swift */,
			);
			path = Source;
			sourceTree = "<group>";
		};
		CA2E85592681AE5A001BE951 /* Solver */ = {
			isa = PBXGroup;
			children = (
				CA3670DB26B9029800D644CF /* SolutionElimination */,
				CA3670DA26B9029100D644CF /* StateElimination */,
				CA2E85702682706F001BE951 /* ClueSolver.swift */,
				CA8C07AC268A636B00B50233 /* Solution.swift */,
			);
			path = Solver;
			sourceTree = "<group>";
		};
		CA2E855A2681AE5E001BE951 /* Features */ = {
			isa = PBXGroup;
			children = (
				CA2E855D2681AEC9001BE951 /* Home */,
				CA2E855C2681AEB3001BE951 /* Board */,
				CA2E85592681AE5A001BE951 /* Solver */,
			);
			path = Features;
			sourceTree = "<group>";
		};
		CA2E855B2681AE9E001BE951 /* Common */ = {
			isa = PBXGroup;
			children = (
				CA85561F26C38FBD00A7F1F0 /* Utils */,
				CA2E856326823E13001BE951 /* Assets.swift */,
				CA2E856526823FD5001BE951 /* Card.swift */,
				CA85561C26C38E9F00A7F1F0 /* Toaster */,
				CA97C1F426967FB8004AC3A6 /* View */,
			);
			path = Common;
			sourceTree = "<group>";
		};
		CA2E855C2681AEB3001BE951 /* Board */ = {
			isa = PBXGroup;
			children = (
				CA2E856D26826E2C001BE951 /* Models */,
				CA2E856A268268BB001BE951 /* ViewModels */,
				CA2E856726826822001BE951 /* Views */,
			);
			path = Board;
			sourceTree = "<group>";
		};
		CA2E855D2681AEC9001BE951 /* Home */ = {
			isa = PBXGroup;
			children = (
				CA97C1F72696C7A6004AC3A6 /* Models */,
				CA2E85602681AEF1001BE951 /* Views */,
			);
			path = Home;
			sourceTree = "<group>";
		};
		CA2E85602681AEF1001BE951 /* Views */ = {
			isa = PBXGroup;
			children = (
				CA2E855E2681AEEE001BE951 /* Home.swift */,
				CA2E856126823772001BE951 /* PlayerPicker.swift */,
				CA2E85762683CFDF001BE951 /* GameBuilder.swift */,
			);
			path = Views;
			sourceTree = "<group>";
		};
		CA2E856726826822001BE951 /* Views */ = {
			isa = PBXGroup;
			children = (
				CAED72F6268447190060086A /* CardPicker.swift */,
				CA2E856826826830001BE951 /* GameBoard.swift */,
				CA2E8572268399D0001BE951 /* PlayerCardSet.swift */,
				CAB5E4E8268AD2FD0070DD97 /* SolutionList.swift */,
				CA8C07A8268993B400B50233 /* ClueForm.swift */,
				CA35608B26927D70004B41AF /* InquisitionForm.swift */,
				CA35608D26927D83004B41AF /* AccusationForm.swift */,
			);
			path = Views;
			sourceTree = "<group>";
		};
		CA2E856A268268BB001BE951 /* ViewModels */ = {
			isa = PBXGroup;
			children = (
				CA2E856B268268C7001BE951 /* GameBoardViewModel.swift */,
			);
			path = ViewModels;
			sourceTree = "<group>";
		};
		CA2E856D26826E2C001BE951 /* Models */ = {
			isa = PBXGroup;
			children = (
				CA8C07A22689839800B50233 /* CardSet.swift */,
				CA8C07A42689842F00B50233 /* Clue.swift */,
				CA2E85742683C378001BE951 /* GameState.swift */,
				CA8C07A02689837000B50233 /* Player.swift */,
				CA8C07A626898A5800B50233 /* SecretInformant.swift */,
			);
			path = Models;
			sourceTree = "<group>";
		};
		CA3670DA26B9029100D644CF /* StateElimination */ = {
			isa = PBXGroup;
			children = (
				CA3670DE26B9034500D644CF /* GameState+PossibleStates.swift */,
				CA3670E026B9046000D644CF /* PossibleState.swift */,
				CA3560922692BF69004B41AF /* PossibleStateEliminationSolver.swift */,
			);
			path = StateElimination;
			sourceTree = "<group>";
		};
		CA3670DB26B9029800D644CF /* SolutionElimination */ = {
			isa = PBXGroup;
			children = (
				CA3670DC26B902EB00D644CF /* GameState+Solutions.swift */,
				CA3560902692BEFF004B41AF /* SolutionEliminationSolver.swift */,
			);
			path = SolutionElimination;
			sourceTree = "<group>";
		};
		CA582E052681AC8F00248E51 = {
			isa = PBXGroup;
			children = (
				CA582E102681AC8F00248E51 /* FourteenthClue */,
				CA582E0F2681AC8F00248E51 /* Products */,
			);
			sourceTree = "<group>";
		};
		CA582E0F2681AC8F00248E51 /* Products */ = {
			isa = PBXGroup;
			children = (
				CA582E0E2681AC8F00248E51 /* Fourteenth Clue.app */,
			);
			name = Products;
			sourceTree = "<group>";
		};
		CA582E102681AC8F00248E51 /* FourteenthClue */ = {
			isa = PBXGroup;
			children = (
				CA582E152681AC9000248E51 /* Assets.xcassets */,
				CA2E85582681AD75001BE951 /* Source */,
				CA582E172681AC9000248E51 /* Preview Content */,
			);
			path = FourteenthClue;
			sourceTree = "<group>";
		};
		CA582E172681AC9000248E51 /* Preview Content */ = {
			isa = PBXGroup;
			children = (
				CA582E182681AC9000248E51 /* Preview Assets.xcassets */,
			);
			path = "Preview Content";
			sourceTree = "<group>";
		};
		CA85561C26C38E9F00A7F1F0 /* Toaster */ = {
			isa = PBXGroup;
			children = (
				CA85561A26C38E8700A7F1F0 /* Toaster.swift */,
				CA85561D26C38ED600A7F1F0 /* LoafState.swift */,
			);
			path = Toaster;
			sourceTree = "<group>";
		};
		CA85561F26C38FBD00A7F1F0 /* Utils */ = {
			isa = PBXGroup;
			children = (
				CA85562026C38FC400A7F1F0 /* Store.swift */,
			);
			path = Utils;
			sourceTree = "<group>";
		};
		CA97C1F426967FB8004AC3A6 /* View */ = {
			isa = PBXGroup;
			children = (
				CA97C1F526968005004AC3A6 /* NavigationLink+Extensions.swift */,
				CA97C1FA26978A76004AC3A6 /* CardImage.swift */,
			);
			path = View;
			sourceTree = "<group>";
		};
		CA97C1F72696C7A6004AC3A6 /* Models */ = {
			isa = PBXGroup;
			children = (
				CA97C1F82696C7AE004AC3A6 /* SeedState.swift */,
			);
			path = Models;
			sourceTree = "<group>";
		};
/* End PBXGroup section */

/* Begin PBXNativeTarget section */
		CA582E0D2681AC8F00248E51 /* Fourteenth Clue */ = {
			isa = PBXNativeTarget;
			buildConfigurationList = CA582E1C2681AC9000248E51 /* Build configuration list for PBXNativeTarget "Fourteenth Clue" */;
			buildPhases = (
				CA582E0A2681AC8F00248E51 /* Sources */,
				CA582E0B2681AC8F00248E51 /* Frameworks */,
				CA582E0C2681AC8F00248E51 /* Resources */,
			);
			buildRules = (
			);
			dependencies = (
			);
			name = "Fourteenth Clue";
			packageProductDependencies = (
				CAED72F9268447680060086A /* BottomSheet */,
				CA97C201269A425B004AC3A6 /* Algorithms */,
				CA85561826C38DA000A7F1F0 /* Loaf */,
			);
			productName = "Fourteenth Clue";
			productReference = CA582E0E2681AC8F00248E51 /* Fourteenth Clue.app */;
			productType = "com.apple.product-type.application";
		};
/* End PBXNativeTarget section */

/* Begin PBXProject section */
		CA582E062681AC8F00248E51 /* Project object */ = {
			isa = PBXProject;
			attributes = {
				BuildIndependentTargetsInParallel = 1;
				LastSwiftUpdateCheck = 1300;
				LastUpgradeCheck = 1300;
				TargetAttributes = {
					CA582E0D2681AC8F00248E51 = {
						CreatedOnToolsVersion = 13.0;
					};
				};
			};
			buildConfigurationList = CA582E092681AC8F00248E51 /* Build configuration list for PBXProject "FourteenthClue" */;
			compatibilityVersion = "Xcode 13.0";
			developmentRegion = en;
			hasScannedForEncodings = 0;
			knownRegions = (
				en,
				Base,
			);
			mainGroup = CA582E052681AC8F00248E51;
			packageReferences = (
				CAED72F8268447680060086A /* XCRemoteSwiftPackageReference "BottomSheet" */,
				CA97C200269A425B004AC3A6 /* XCRemoteSwiftPackageReference "swift-algorithms" */,
				CA85561726C38DA000A7F1F0 /* XCRemoteSwiftPackageReference "Loaf" */,
			);
			productRefGroup = CA582E0F2681AC8F00248E51 /* Products */;
			projectDirPath = "";
			projectRoot = "";
			targets = (
				CA582E0D2681AC8F00248E51 /* Fourteenth Clue */,
			);
		};
/* End PBXProject section */

/* Begin PBXResourcesBuildPhase section */
		CA582E0C2681AC8F00248E51 /* Resources */ = {
			isa = PBXResourcesBuildPhase;
			buildActionMask = 2147483647;
			files = (
				CA582E192681AC9000248E51 /* Preview Assets.xcassets in Resources */,
				CA582E162681AC9000248E51 /* Assets.xcassets in Resources */,
			);
			runOnlyForDeploymentPostprocessing = 0;
		};
/* End PBXResourcesBuildPhase section */

/* Begin PBXSourcesBuildPhase section */
		CA582E0A2681AC8F00248E51 /* Sources */ = {
			isa = PBXSourcesBuildPhase;
			buildActionMask = 2147483647;
			files = (
				CA3670E126B9046000D644CF /* PossibleState.swift in Sources */,
				CA2E856626823FD5001BE951 /* Card.swift in Sources */,
				CA2E855F2681AEEE001BE951 /* Home.swift in Sources */,
				CA2E856C268268C7001BE951 /* GameBoardViewModel.swift in Sources */,
				CA3670DD26B902EB00D644CF /* GameState+Solutions.swift in Sources */,
				CA8C07A32689839800B50233 /* CardSet.swift in Sources */,
				CA35608C26927D70004B41AF /* InquisitionForm.swift in Sources */,
				CA2E85712682706F001BE951 /* ClueSolver.swift in Sources */,
				CA85561B26C38E8700A7F1F0 /* Toaster.swift in Sources */,
				CA97C1F92696C7AE004AC3A6 /* SeedState.swift in Sources */,
				CA2E856226823772001BE951 /* PlayerPicker.swift in Sources */,
				CA85561E26C38ED600A7F1F0 /* LoafState.swift in Sources */,
				CA8C07A9268993B400B50233 /* ClueForm.swift in Sources */,
				CA2E856426823E13001BE951 /* Assets.swift in Sources */,
				CA8C07AD268A636B00B50233 /* Solution.swift in Sources */,
				CA8C07A726898A5800B50233 /* SecretInformant.swift in Sources */,
				CA97C1F626968005004AC3A6 /* NavigationLink+Extensions.swift in Sources */,
				CA2E8573268399D0001BE951 /* PlayerCardSet.swift in Sources */,
				CA8C07A52689842F00B50233 /* Clue.swift in Sources */,
				CA85562126C38FC400A7F1F0 /* Store.swift in Sources */,
				CAED72F7268447190060086A /* CardPicker.swift in Sources */,
				CA3560932692BF69004B41AF /* PossibleStateEliminationSolver.swift in Sources */,
				CA2E856926826830001BE951 /* GameBoard.swift in Sources */,
				CA3560912692BEFF004B41AF /* SolutionEliminationSolver.swift in Sources */,
				CA97C1FB26978A76004AC3A6 /* CardImage.swift in Sources */,
				CA8C07A12689837000B50233 /* Player.swift in Sources */,
				CA2E85772683CFDF001BE951 /* GameBuilder.swift in Sources */,
				CAB5E4E9268AD2FD0070DD97 /* SolutionList.swift in Sources */,
				CA3670DF26B9034500D644CF /* GameState+PossibleStates.swift in Sources */,
				CA582E122681AC8F00248E51 /* FourteenthClue.swift in Sources */,
				CA35608E26927D83004B41AF /* AccusationForm.swift in Sources */,
				CA2E85752683C378001BE951 /* GameState.swift in Sources */,
			);
			runOnlyForDeploymentPostprocessing = 0;
		};
/* End PBXSourcesBuildPhase section */

/* Begin XCBuildConfiguration section */
		CA582E1A2681AC9000248E51 /* Debug */ = {
			isa = XCBuildConfiguration;
			buildSettings = {
				ALWAYS_SEARCH_USER_PATHS = NO;
				CLANG_ANALYZER_NONNULL = YES;
				CLANG_ANALYZER_NUMBER_OBJECT_CONVERSION = YES_AGGRESSIVE;
				CLANG_CXX_LANGUAGE_STANDARD = "gnu++14";
				CLANG_CXX_LIBRARY = "libc++";
				CLANG_ENABLE_MODULES = YES;
				CLANG_ENABLE_OBJC_ARC = YES;
				CLANG_ENABLE_OBJC_WEAK = YES;
				CLANG_WARN_BLOCK_CAPTURE_AUTORELEASING = YES;
				CLANG_WARN_BOOL_CONVERSION = YES;
				CLANG_WARN_COMMA = YES;
				CLANG_WARN_CONSTANT_CONVERSION = YES;
				CLANG_WARN_DEPRECATED_OBJC_IMPLEMENTATIONS = YES;
				CLANG_WARN_DIRECT_OBJC_ISA_USAGE = YES_ERROR;
				CLANG_WARN_DOCUMENTATION_COMMENTS = YES;
				CLANG_WARN_EMPTY_BODY = YES;
				CLANG_WARN_ENUM_CONVERSION = YES;
				CLANG_WARN_INFINITE_RECURSION = YES;
				CLANG_WARN_INT_CONVERSION = YES;
				CLANG_WARN_NON_LITERAL_NULL_CONVERSION = YES;
				CLANG_WARN_OBJC_IMPLICIT_RETAIN_SELF = YES;
				CLANG_WARN_OBJC_LITERAL_CONVERSION = YES;
				CLANG_WARN_OBJC_ROOT_CLASS = YES_ERROR;
				CLANG_WARN_QUOTED_INCLUDE_IN_FRAMEWORK_HEADER = YES;
				CLANG_WARN_RANGE_LOOP_ANALYSIS = YES;
				CLANG_WARN_STRICT_PROTOTYPES = YES;
				CLANG_WARN_SUSPICIOUS_MOVE = YES;
				CLANG_WARN_UNGUARDED_AVAILABILITY = YES_AGGRESSIVE;
				CLANG_WARN_UNREACHABLE_CODE = YES;
				CLANG_WARN__DUPLICATE_METHOD_MATCH = YES;
				COPY_PHASE_STRIP = NO;
				DEBUG_INFORMATION_FORMAT = dwarf;
				ENABLE_STRICT_OBJC_MSGSEND = YES;
				ENABLE_TESTABILITY = YES;
				GCC_C_LANGUAGE_STANDARD = gnu11;
				GCC_DYNAMIC_NO_PIC = NO;
				GCC_NO_COMMON_BLOCKS = YES;
				GCC_OPTIMIZATION_LEVEL = 0;
				GCC_PREPROCESSOR_DEFINITIONS = (
					"DEBUG=1",
					"$(inherited)",
				);
				GCC_WARN_64_TO_32_BIT_CONVERSION = YES;
				GCC_WARN_ABOUT_RETURN_TYPE = YES_ERROR;
				GCC_WARN_UNDECLARED_SELECTOR = YES;
				GCC_WARN_UNINITIALIZED_AUTOS = YES_AGGRESSIVE;
				GCC_WARN_UNUSED_FUNCTION = YES;
				GCC_WARN_UNUSED_VARIABLE = YES;
				IPHONEOS_DEPLOYMENT_TARGET = 15.0;
				MTL_ENABLE_DEBUG_INFO = INCLUDE_SOURCE;
				MTL_FAST_MATH = YES;
				ONLY_ACTIVE_ARCH = YES;
				SDKROOT = iphoneos;
				SWIFT_ACTIVE_COMPILATION_CONDITIONS = DEBUG;
				SWIFT_OPTIMIZATION_LEVEL = "-Onone";
			};
			name = Debug;
		};
		CA582E1B2681AC9000248E51 /* Release */ = {
			isa = XCBuildConfiguration;
			buildSettings = {
				ALWAYS_SEARCH_USER_PATHS = NO;
				CLANG_ANALYZER_NONNULL = YES;
				CLANG_ANALYZER_NUMBER_OBJECT_CONVERSION = YES_AGGRESSIVE;
				CLANG_CXX_LANGUAGE_STANDARD = "gnu++14";
				CLANG_CXX_LIBRARY = "libc++";
				CLANG_ENABLE_MODULES = YES;
				CLANG_ENABLE_OBJC_ARC = YES;
				CLANG_ENABLE_OBJC_WEAK = YES;
				CLANG_WARN_BLOCK_CAPTURE_AUTORELEASING = YES;
				CLANG_WARN_BOOL_CONVERSION = YES;
				CLANG_WARN_COMMA = YES;
				CLANG_WARN_CONSTANT_CONVERSION = YES;
				CLANG_WARN_DEPRECATED_OBJC_IMPLEMENTATIONS = YES;
				CLANG_WARN_DIRECT_OBJC_ISA_USAGE = YES_ERROR;
				CLANG_WARN_DOCUMENTATION_COMMENTS = YES;
				CLANG_WARN_EMPTY_BODY = YES;
				CLANG_WARN_ENUM_CONVERSION = YES;
				CLANG_WARN_INFINITE_RECURSION = YES;
				CLANG_WARN_INT_CONVERSION = YES;
				CLANG_WARN_NON_LITERAL_NULL_CONVERSION = YES;
				CLANG_WARN_OBJC_IMPLICIT_RETAIN_SELF = YES;
				CLANG_WARN_OBJC_LITERAL_CONVERSION = YES;
				CLANG_WARN_OBJC_ROOT_CLASS = YES_ERROR;
				CLANG_WARN_QUOTED_INCLUDE_IN_FRAMEWORK_HEADER = YES;
				CLANG_WARN_RANGE_LOOP_ANALYSIS = YES;
				CLANG_WARN_STRICT_PROTOTYPES = YES;
				CLANG_WARN_SUSPICIOUS_MOVE = YES;
				CLANG_WARN_UNGUARDED_AVAILABILITY = YES_AGGRESSIVE;
				CLANG_WARN_UNREACHABLE_CODE = YES;
				CLANG_WARN__DUPLICATE_METHOD_MATCH = YES;
				COPY_PHASE_STRIP = NO;
				DEBUG_INFORMATION_FORMAT = "dwarf-with-dsym";
				ENABLE_NS_ASSERTIONS = NO;
				ENABLE_STRICT_OBJC_MSGSEND = YES;
				GCC_C_LANGUAGE_STANDARD = gnu11;
				GCC_NO_COMMON_BLOCKS = YES;
				GCC_WARN_64_TO_32_BIT_CONVERSION = YES;
				GCC_WARN_ABOUT_RETURN_TYPE = YES_ERROR;
				GCC_WARN_UNDECLARED_SELECTOR = YES;
				GCC_WARN_UNINITIALIZED_AUTOS = YES_AGGRESSIVE;
				GCC_WARN_UNUSED_FUNCTION = YES;
				GCC_WARN_UNUSED_VARIABLE = YES;
				IPHONEOS_DEPLOYMENT_TARGET = 15.0;
				MTL_ENABLE_DEBUG_INFO = NO;
				MTL_FAST_MATH = YES;
				SDKROOT = iphoneos;
				SWIFT_COMPILATION_MODE = wholemodule;
				SWIFT_OPTIMIZATION_LEVEL = "-O";
				VALIDATE_PRODUCT = YES;
			};
			name = Release;
		};
		CA582E1D2681AC9000248E51 /* Debug */ = {
			isa = XCBuildConfiguration;
			buildSettings = {
				ASSETCATALOG_COMPILER_APPICON_NAME = AppIcon;
				ASSETCATALOG_COMPILER_GLOBAL_ACCENT_COLOR_NAME = AccentColor;
				CODE_SIGN_STYLE = Automatic;
				CURRENT_PROJECT_VERSION = 1;
				DEVELOPMENT_ASSET_PATHS = "\"FourteenthClue/Preview Content\"";
				DEVELOPMENT_TEAM = 3UBRXR267C;
				ENABLE_PREVIEWS = YES;
				GENERATE_INFOPLIST_FILE = YES;
				INFOPLIST_KEY_UIApplicationSceneManifest_Generation = YES;
				INFOPLIST_KEY_UIApplicationSupportsIndirectInputEvents = YES;
				INFOPLIST_KEY_UILaunchScreen_Generation = YES;
				INFOPLIST_KEY_UISupportedInterfaceOrientations_iPad = "UIInterfaceOrientationPortrait UIInterfaceOrientationPortraitUpsideDown UIInterfaceOrientationLandscapeLeft UIInterfaceOrientationLandscapeRight";
				INFOPLIST_KEY_UISupportedInterfaceOrientations_iPhone = "UIInterfaceOrientationPortrait UIInterfaceOrientationLandscapeLeft UIInterfaceOrientationLandscapeRight";
				IPHONEOS_DEPLOYMENT_TARGET = 15.0;
				LD_RUNPATH_SEARCH_PATHS = (
					"$(inherited)",
					"@executable_path/Frameworks",
				);
				MARKETING_VERSION = 1.0;
				PRODUCT_BUNDLE_IDENTIFIER = ca.josephroque.FourteenthClue;
				PRODUCT_NAME = "$(TARGET_NAME)";
				SWIFT_EMIT_LOC_STRINGS = YES;
				SWIFT_VERSION = 5.0;
				TARGETED_DEVICE_FAMILY = "1,2";
			};
			name = Debug;
		};
		CA582E1E2681AC9000248E51 /* Release */ = {
			isa = XCBuildConfiguration;
			buildSettings = {
				ASSETCATALOG_COMPILER_APPICON_NAME = AppIcon;
				ASSETCATALOG_COMPILER_GLOBAL_ACCENT_COLOR_NAME = AccentColor;
				CODE_SIGN_STYLE = Automatic;
				CURRENT_PROJECT_VERSION = 1;
				DEVELOPMENT_ASSET_PATHS = "\"FourteenthClue/Preview Content\"";
				DEVELOPMENT_TEAM = 3UBRXR267C;
				ENABLE_PREVIEWS = YES;
				GENERATE_INFOPLIST_FILE = YES;
				INFOPLIST_KEY_UIApplicationSceneManifest_Generation = YES;
				INFOPLIST_KEY_UIApplicationSupportsIndirectInputEvents = YES;
				INFOPLIST_KEY_UILaunchScreen_Generation = YES;
				INFOPLIST_KEY_UISupportedInterfaceOrientations_iPad = "UIInterfaceOrientationPortrait UIInterfaceOrientationPortraitUpsideDown UIInterfaceOrientationLandscapeLeft UIInterfaceOrientationLandscapeRight";
				INFOPLIST_KEY_UISupportedInterfaceOrientations_iPhone = "UIInterfaceOrientationPortrait UIInterfaceOrientationLandscapeLeft UIInterfaceOrientationLandscapeRight";
				IPHONEOS_DEPLOYMENT_TARGET = 15.0;
				LD_RUNPATH_SEARCH_PATHS = (
					"$(inherited)",
					"@executable_path/Frameworks",
				);
				MARKETING_VERSION = 1.0;
				PRODUCT_BUNDLE_IDENTIFIER = ca.josephroque.FourteenthClue;
				PRODUCT_NAME = "$(TARGET_NAME)";
				SWIFT_EMIT_LOC_STRINGS = YES;
				SWIFT_VERSION = 5.0;
				TARGETED_DEVICE_FAMILY = "1,2";
			};
			name = Release;
		};
/* End XCBuildConfiguration section */

/* Begin XCConfigurationList section */
		CA582E092681AC8F00248E51 /* Build configuration list for PBXProject "FourteenthClue" */ = {
			isa = XCConfigurationList;
			buildConfigurations = (
				CA582E1A2681AC9000248E51 /* Debug */,
				CA582E1B2681AC9000248E51 /* Release */,
			);
			defaultConfigurationIsVisible = 0;
			defaultConfigurationName = Release;
		};
		CA582E1C2681AC9000248E51 /* Build configuration list for PBXNativeTarget "Fourteenth Clue" */ = {
			isa = XCConfigurationList;
			buildConfigurations = (
				CA582E1D2681AC9000248E51 /* Debug */,
				CA582E1E2681AC9000248E51 /* Release */,
			);
			defaultConfigurationIsVisible = 0;
			defaultConfigurationName = Release;
		};
/* End XCConfigurationList section */

/* Begin XCRemoteSwiftPackageReference section */
		CA85561726C38DA000A7F1F0 /* XCRemoteSwiftPackageReference "Loaf" */ = {
			isa = XCRemoteSwiftPackageReference;
			repositoryURL = "https://github.com/autoreleasefool/Loaf";
			requirement = {
				branch = swiftui;
				kind = branch;
			};
		};
		CA97C200269A425B004AC3A6 /* XCRemoteSwiftPackageReference "swift-algorithms" */ = {
			isa = XCRemoteSwiftPackageReference;
			repositoryURL = "https://github.com/apple/swift-algorithms.git";
			requirement = {
				kind = upToNextMajorVersion;
				minimumVersion = 0.2.1;
			};
		};
		CAED72F8268447680060086A /* XCRemoteSwiftPackageReference "BottomSheet" */ = {
			isa = XCRemoteSwiftPackageReference;
			repositoryURL = "https://github.com/adamfootdev/BottomSheet.git";
			requirement = {
				kind = upToNextMajorVersion;
				minimumVersion = 0.1.6;
			};
		};
/* End XCRemoteSwiftPackageReference section */

/* Begin XCSwiftPackageProductDependency section */
		CA85561826C38DA000A7F1F0 /* Loaf */ = {
			isa = XCSwiftPackageProductDependency;
			package = CA85561726C38DA000A7F1F0 /* XCRemoteSwiftPackageReference "Loaf" */;
			productName = Loaf;
		};
		CA97C201269A425B004AC3A6 /* Algorithms */ = {
			isa = XCSwiftPackageProductDependency;
			package = CA97C200269A425B004AC3A6 /* XCRemoteSwiftPackageReference "swift-algorithms" */;
			productName = Algorithms;
		};
		CAED72F9268447680060086A /* BottomSheet */ = {
			isa = XCSwiftPackageProductDependency;
			package = CAED72F8268447680060086A /* XCRemoteSwiftPackageReference "BottomSheet" */;
			productName = BottomSheet;
		};
/* End XCSwiftPackageProductDependency section */
	};
	rootObject = CA582E062681AC8F00248E51 /* Project object */;
}
