{
  "object": {
    "pins": [
      {
        "package": "BottomSheet",
        "repositoryURL": "https://github.com/adamfootdev/BottomSheet.git",
        "state": {
          "branch": null,
          "revision": "d1352bd493a9073443571036c9a105ca83673a9d",
          "version": "0.2.1"
        }
      },
      {
        "package": "FourteenthClueKit",
        "repositoryURL": "https://github.com/autoreleasefool/fourteenth-clue-kit",
        "state": {
          "branch": "main",
          "revision": "ba4e98c534e9a2b2c9d98c93cdbcbb021b4ffb4f",
          "version": null
        }
      },
      {
        "package": "swift-numerics",
        "repositoryURL": "https://github.com/apple/swift-numerics",
        "state": {
          "branch": null,
          "revision": "6583ac70c326c3ee080c1d42d9ca3361dca816cd",
          "version": "0.1.0"
        }
      }
    ]
  },
  "version": 1
}
