{
  "object": {
    "pins": [
      {
        "package": "BottomSheet",
        "repositoryURL": "https://github.com/adamfootdev/BottomSheet.git",
        "state": {
          "branch": null,
          "revision": "d1352bd493a9073443571036c9a105ca83673a9d",
          "version": "0.2.1"
        }
      },
      {
        "package": "FourteenthClueKit",
        "repositoryURL": "https://github.com/autoreleasefool/fourteenth-clue-kit",
        "state": {
          "branch": "main",
          "revision": "62b06bf4face50f13d2ef40ed471631eff321ba3",
          "version": null
        }
      },
      {
        "package": "swift-algorithms",
        "repositoryURL": "https://github.com/apple/swift-algorithms.git",
        "state": {
          "branch": null,
          "revision": "2327673b0e9c7e90e6b1826376526ec3627210e4",
          "version": "0.2.1"
        }
      },
      {
        "package": "swift-numerics",
        "repositoryURL": "https://github.com/apple/swift-numerics",
        "state": {
          "branch": null,
          "revision": "6583ac70c326c3ee080c1d42d9ca3361dca816cd",
          "version": "0.1.0"
        }
      }
    ]
  },
  "version": 1
}
